
Microsoft Visual Studio Solution File, Format Version 12.00
# Visual Studio 15
Project("{FAE04EC0-301F-11D3-BF4B-00C04F79EFBC}") = "exercise_13", "exercise_13\exercise_13.csproj", "{0D4D4E66-7338-47B8-8C15-7C9C26E590DE}"
EndProject
Global
	GlobalSection(SolutionConfigurationPlatforms) = preSolution
		Debug|Any CPU = Debug|Any CPU
		Release|Any CPU = Release|Any CPU
	EndGlobalSection
	GlobalSection(ProjectConfigurationPlatforms) = postSolution
		{0D4D4E66-7338-47B8-8C15-7C9C26E590DE}.Debug|Any CPU.ActiveCfg = Debug|Any CPU
		{0D4D4E66-7338-47B8-8C15-7C9C26E590DE}.Debug|Any CPU.Build.0 = Debug|Any CPU
		{0D4D4E66-7338-47B8-8C15-7C9C26E590DE}.Release|Any CPU.ActiveCfg = Release|Any CPU
		{0D4D4E66-7338-47B8-8C15-7C9C26E590DE}.Release|Any CPU.Build.0 = Release|Any CPU
	EndGlobalSection
EndGlobal
